<Solution>
  <Project Path="Unity.XR.PICO.csproj" />
  <Project Path="Pico.Spatializer.Example.csproj" />
  <Project Path="PICO.Platform.csproj" />
  <Project Path="PICO.TobSupport.csproj" />
  <Project Path="Unity.XR.PICO.Editor.csproj" />
  <Project Path="PICO.Platform.Editor.csproj" />
  <Project Path="Assembly-CSharp.csproj" />
  <Project Path="Pico.Spatializer.csproj" />
  <Project Path="Pico.Spatializer.Editor.csproj" />
  <Project Path="Assembly-CSharp-Editor.csproj" />
</Solution>
